{
    "name": "hello-pocketflow",
    "lockfileVersion": 3,
    "requires": true,
    "packages": {
        "": {
            "name": "hello-pocketflow",
            "dependencies": {
                "pocketflow": ">=1.0.3"
            }
        },
        "node_modules/pocketflow": {
            "version": "1.0.3",
            "resolved": "https://registry.npmjs.org/pocketflow/-/pocketflow-1.0.3.tgz",
            "integrity": "sha512-6i+9GRD1E75/5x8OsGAaefB38Rib9icLUFX5Or8wUHLEW9/kuS8hB0Utw/ovRQYa1Q0GSRFbDqTwwn17pMikIg==",
            "engines": {
                "node": ">=18.0.0"
            }
        }
    }
}
